
Microsoft Visual Studio Solution File, Format Version 12.00
# Visual Studio Version 16
VisualStudioVersion = 16.0.31424.327
MinimumVisualStudioVersion = 10.0.40219.1
Project("{FAE04EC0-301F-11D3-BF4B-00C04F79EFBC}") = "Saludent-Art", "Saludent-Art\Saludent-Art.csproj", "{304F8415-8DCA-4F6A-961E-37DF42CD1497}"
EndProject
Project("{54435603-DBB4-11D2-8724-00A0C9A8B90C}") = "Instalador Saludent-Art", "Instalador Saludent-Art\Instalador Saludent-Art.vdproj", "{D251C12F-8D37-4A91-8C77-5E111B77EF94}"
EndProject
Global
	GlobalSection(SolutionConfigurationPlatforms) = preSolution
		Debug|Any CPU = Debug|Any CPU
		Release|Any CPU = Release|Any CPU
	EndGlobalSection
	GlobalSection(ProjectConfigurationPlatforms) = postSolution
		{304F8415-8DCA-4F6A-961E-37DF42CD1497}.Debug|Any CPU.ActiveCfg = Release|Any CPU
		{304F8415-8DCA-4F6A-961E-37DF42CD1497}.Debug|Any CPU.Build.0 = Release|Any CPU
		{304F8415-8DCA-4F6A-961E-37DF42CD1497}.Release|Any CPU.ActiveCfg = Release|Any CPU
		{304F8415-8DCA-4F6A-961E-37DF42CD1497}.Release|Any CPU.Build.0 = Release|Any CPU
		{D251C12F-8D37-4A91-8C77-5E111B77EF94}.Debug|Any CPU.ActiveCfg = Debug
		{D251C12F-8D37-4A91-8C77-5E111B77EF94}.Release|Any CPU.ActiveCfg = Release
	EndGlobalSection
	GlobalSection(SolutionProperties) = preSolution
		HideSolutionNode = FALSE
	EndGlobalSection
	GlobalSection(ExtensibilityGlobals) = postSolution
		SolutionGuid = {DFC7EF8B-EBA2-44CD-86F4-BDA176037CE7}
	EndGlobalSection
EndGlobal
